<Solution>
  <Folder
    Name="/src/">
    <Project
      Path="src/StudioX.Foundation/StudioX.Foundation.csproj" />
    <Project
      Path="src/StudioX.Packages/StudioX.Packages.csproj" />
    <Project
      Path="src/StudioX.Engine/StudioX.Engine.csproj" />
    <Project
      Path="src/StudioX.Devices/StudioX.Devices.csproj" />
    <Project
      Path="src/StudioX.Extensions.Abstractions/StudioX.Extensions.Abstractions.csproj" />
    <Project
      Path="src/StudioX.Extensions/StudioX.Extensions.csproj" />
    <Project
      Path="src/StudioX.PluginHost/StudioX.PluginHost.csproj" />
    <Project
      Path="src/StudioX.Application/StudioX.Application.csproj" />
    <Project
      Path="src/StudioX.Desktop/StudioX.Desktop.csproj" />
    <Project
      Path="src/StudioX.Cli/StudioX.Cli.csproj" />
  </Folder>
  <Folder
    Name="/examples/">
    <Project
      Path="examples/StudioX.LabPlugins/StudioX.LabPlugins.csproj" />
    <Project
      Path="examples/StudioX.SampleDecoder/StudioX.SampleDecoder.csproj" />
    <Project
      Path="examples/StudioX.SamplePlugin/StudioX.SamplePlugin.csproj" />
  </Folder>
  <Folder
    Name="/tools/">
    <Project
      Path="tools/StudioX.ProductivityValidation/StudioX.ProductivityValidation.csproj" />
  </Folder>
  <Folder
    Name="/validation/">
    <Project
      Path="tools/StudioX.LargeProjectValidation/StudioX.LargeProjectValidation.csproj" />
    <Project
      Path="tools/StudioX.DebugPluginValidation/StudioX.DebugPluginValidation.csproj" />
    <Project
      Path="tools/StudioX.ProjectHealthValidation/StudioX.ProjectHealthValidation.csproj" />
    <Project
      Path="tools/StudioX.ToolManagementValidation/StudioX.ToolManagementValidation.csproj" />
    <Project
      Path="tools/StudioX.ToolchainArchiveValidation/StudioX.ToolchainArchiveValidation.csproj" />
    <Project
      Path="tools/StudioX.EnvironmentReliabilityValidation/StudioX.EnvironmentReliabilityValidation.csproj" />
    <Project
      Path="tools/StudioX.ShippingInstallerValidation/StudioX.ShippingInstallerValidation.csproj" />
    <Project
      Path="tools/StudioX.Ag32TimingValidation/StudioX.Ag32TimingValidation.csproj" />
    <Project
      Path="tools/StudioX.Ag32PeripheralValidation/StudioX.Ag32PeripheralValidation.csproj" />
    <Project
      Path="tools/StudioX.LabPluginsValidation/StudioX.LabPluginsValidation.csproj" />
    <Project
      Path="tools/StudioX.OpenOcdPlotChecks/StudioX.OpenOcdPlotChecks.csproj" />
    <Project
      Path="tools/StudioX.AgentWorkspaceValidation/StudioX.AgentWorkspaceValidation.csproj" />
    <Project
      Path="tools/StudioX.Ag32PinPlanningValidation/StudioX.Ag32PinPlanningValidation.csproj" />
    <Project
      Path="tools/StudioX.HdlValidation/StudioX.HdlValidation.csproj" />
    <Project
      Path="tools/StudioX.HdlWorkflowValidation/StudioX.HdlWorkflowValidation.csproj" />
    <Project
      Path="tools/StudioX.WorkspaceEditingValidation/StudioX.WorkspaceEditingValidation.csproj" />
  </Folder>
  <Folder
    Name="/workflow-validation/">
    <Project
      Path="tools/StudioX.Mon51Validation/StudioX.Mon51Validation.csproj" />
    <Project
      Path="tools/StudioX.SourceRegistrationValidation/StudioX.SourceRegistrationValidation.csproj" />
    <Project
      Path="tools/StudioX.SecurityValidation/StudioX.SecurityValidation.csproj" />
    <Project
      Path="tools/StudioX.PeripheralDevelopmentValidation/StudioX.PeripheralDevelopmentValidation.csproj" />
    <Project
      Path="tools/StudioX.CodeTemplateValidation/StudioX.CodeTemplateValidation.csproj" />
    <Project
      Path="tools/StudioX.FaultPeripheralValidation/StudioX.FaultPeripheralValidation.csproj" />
    <Project
      Path="tools/StudioX.ProductWorkflowValidation/StudioX.ProductWorkflowValidation.csproj" />
  </Folder>
</Solution>
